
Microsoft Visual Studio Solution File, Format Version 12.00
# Visual Studio 15
VisualStudioVersion = 15.0.27130.2020
MinimumVisualStudioVersion = 10.0.40219.1
Project("{FAE04EC0-301F-11D3-BF4B-00C04F79EFBC}") = "Sap.SmartAccounting.Core", "Sap.SmartAccounting.Core\Sap.SmartAccounting.Core.csproj", "{4C8D4A4A-EF03-4FA1-B70F-84EA8DA86E0F}"
EndProject
Project("{FAE04EC0-301F-11D3-BF4B-00C04F79EFBC}") = "Sap.SmartAccounting.Mvc", "Sap.SmartAccounting.Mvc\Sap.SmartAccounting.Mvc.csproj", "{2B4A79C7-975D-49B0-A0CC-E5CD604D4233}"
EndProject
Project("{FAE04EC0-301F-11D3-BF4B-00C04F79EFBC}") = "Sap.SmartAccounting.Mvc.Tests", "Sap.SmartAccounting.Mvc.Tests\Sap.SmartAccounting.Mvc.Tests.csproj", "{DD4B9860-C9A3-417B-8C9C-FD1AEB8DB406}"
EndProject
Global
	GlobalSection(SolutionConfigurationPlatforms) = preSolution
		Debug|Any CPU = Debug|Any CPU
		Release|Any CPU = Release|Any CPU
	EndGlobalSection
	GlobalSection(ProjectConfigurationPlatforms) = postSolution
		{4C8D4A4A-EF03-4FA1-B70F-84EA8DA86E0F}.Debug|Any CPU.ActiveCfg = Debug|Any CPU
		{4C8D4A4A-EF03-4FA1-B70F-84EA8DA86E0F}.Debug|Any CPU.Build.0 = Debug|Any CPU
		{4C8D4A4A-EF03-4FA1-B70F-84EA8DA86E0F}.Release|Any CPU.ActiveCfg = Release|Any CPU
		{4C8D4A4A-EF03-4FA1-B70F-84EA8DA86E0F}.Release|Any CPU.Build.0 = Release|Any CPU
		{2B4A79C7-975D-49B0-A0CC-E5CD604D4233}.Debug|Any CPU.ActiveCfg = Debug|Any CPU
		{2B4A79C7-975D-49B0-A0CC-E5CD604D4233}.Debug|Any CPU.Build.0 = Debug|Any CPU
		{2B4A79C7-975D-49B0-A0CC-E5CD604D4233}.Release|Any CPU.ActiveCfg = Release|Any CPU
		{2B4A79C7-975D-49B0-A0CC-E5CD604D4233}.Release|Any CPU.Build.0 = Release|Any CPU
		{DD4B9860-C9A3-417B-8C9C-FD1AEB8DB406}.Debug|Any CPU.ActiveCfg = Debug|Any CPU
		{DD4B9860-C9A3-417B-8C9C-FD1AEB8DB406}.Debug|Any CPU.Build.0 = Debug|Any CPU
		{DD4B9860-C9A3-417B-8C9C-FD1AEB8DB406}.Release|Any CPU.ActiveCfg = Release|Any CPU
		{DD4B9860-C9A3-417B-8C9C-FD1AEB8DB406}.Release|Any CPU.Build.0 = Release|Any CPU
	EndGlobalSection
	GlobalSection(SolutionProperties) = preSolution
		HideSolutionNode = FALSE
	EndGlobalSection
	GlobalSection(ExtensibilityGlobals) = postSolution
		SolutionGuid = {9CF5ECF8-CB39-4A44-93D1-DE3601571664}
	EndGlobalSection
EndGlobal
